
Microsoft Visual Studio Solution File, Format Version 12.00
# Visual Studio 15
VisualStudioVersion = 15.0.27013.2
MinimumVisualStudioVersion = 10.0.40219.1
Project("{FAE04EC0-301F-11D3-BF4B-00C04F79EFBC}") = "ConsoleApp", "ConsoleApp\ConsoleApp.csproj", "{1FE13D69-D7BE-44D9-96ED-190E7D379704}"
EndProject
Global
	GlobalSection(SolutionConfigurationPlatforms) = preSolution
		Debug|Any CPU = Debug|Any CPU
		Release|Any CPU = Release|Any CPU
	EndGlobalSection
	GlobalSection(ProjectConfigurationPlatforms) = postSolution
		{1FE13D69-D7BE-44D9-96ED-190E7D379704}.Debug|Any CPU.ActiveCfg = Debug|Any CPU
		{1FE13D69-D7BE-44D9-96ED-190E7D379704}.Debug|Any CPU.Build.0 = Debug|Any CPU
		{1FE13D69-D7BE-44D9-96ED-190E7D379704}.Release|Any CPU.ActiveCfg = Release|Any CPU
		{1FE13D69-D7BE-44D9-96ED-190E7D379704}.Release|Any CPU.Build.0 = Release|Any CPU
	EndGlobalSection
	GlobalSection(SolutionProperties) = preSolution
		HideSolutionNode = FALSE
	EndGlobalSection
	GlobalSection(ExtensibilityGlobals) = postSolution
		SolutionGuid = {AD6227D3-772B-4734-82C6-ADA5639226B3}
	EndGlobalSection
EndGlobal
